
Microsoft Visual Studio Solution File, Format Version 12.00
# Visual Studio 15
VisualStudioVersion = 15.0.28307.757
MinimumVisualStudioVersion = 10.0.40219.1
Project("{FAE04EC0-301F-11D3-BF4B-00C04F79EFBC}") = "Bank", "Bank\Bank.csproj", "{F50E6FAA-0033-42A1-9E1F-9CB36AD41D66}"
EndProject
Project("{FAE04EC0-301F-11D3-BF4B-00C04F79EFBC}") = "BankTests", "BankTests\BankTests.csproj", "{48B23AB3-783D-4309-9906-0635F65300D7}"
EndProject
Global
	GlobalSection(SolutionConfigurationPlatforms) = preSolution
		Debug|Any CPU = Debug|Any CPU
		Release|Any CPU = Release|Any CPU
	EndGlobalSection
	GlobalSection(ProjectConfigurationPlatforms) = postSolution
		{F50E6FAA-0033-42A1-9E1F-9CB36AD41D66}.Debug|Any CPU.ActiveCfg = Debug|Any CPU
		{F50E6FAA-0033-42A1-9E1F-9CB36AD41D66}.Debug|Any CPU.Build.0 = Debug|Any CPU
		{F50E6FAA-0033-42A1-9E1F-9CB36AD41D66}.Release|Any CPU.ActiveCfg = Release|Any CPU
		{F50E6FAA-0033-42A1-9E1F-9CB36AD41D66}.Release|Any CPU.Build.0 = Release|Any CPU
		{48B23AB3-783D-4309-9906-0635F65300D7}.Debug|Any CPU.ActiveCfg = Debug|Any CPU
		{48B23AB3-783D-4309-9906-0635F65300D7}.Debug|Any CPU.Build.0 = Debug|Any CPU
		{48B23AB3-783D-4309-9906-0635F65300D7}.Release|Any CPU.ActiveCfg = Release|Any CPU
		{48B23AB3-783D-4309-9906-0635F65300D7}.Release|Any CPU.Build.0 = Release|Any CPU
	EndGlobalSection
	GlobalSection(SolutionProperties) = preSolution
		HideSolutionNode = FALSE
	EndGlobalSection
	GlobalSection(ExtensibilityGlobals) = postSolution
		SolutionGuid = {11150B24-711E-4E0A-B478-618B5021DA5D}
	EndGlobalSection
EndGlobal
